
Microsoft Visual Studio Solution File, Format Version 12.00
# Visual Studio 15
VisualStudioVersion = 15.0.26124.0
MinimumVisualStudioVersion = 15.0.26124.0
<<<<<<< HEAD
Project("{2150E333-8FDC-42A3-9474-1A3956D46DE8}") = "src", "src", "{EE6EE349-1578-464C-ACA6-8E537A823075}"
EndProject
Project("{FAE04EC0-301F-11D3-BF4B-00C04F79EFBC}") = "SecretSanta.Domain", "src\SecretSanta.Domain\SecretSanta.Domain.csproj", "{C338FD95-38B3-4B1D-8864-E9314D46C0EE}"
EndProject
Project("{2150E333-8FDC-42A3-9474-1A3956D46DE8}") = "test", "test", "{1768D2E7-9C81-4FB2-B22D-C8B09767B9B9}"
EndProject
Project("{FAE04EC0-301F-11D3-BF4B-00C04F79EFBC}") = "SecretSanta.Domain.Tests", "test\SecretSanta.Domain.Tests\SecretSanta.Domain.Tests.csproj", "{BC742C5A-001D-4792-B767-45DE135011CD}"
=======
Project("{2150E333-8FDC-42A3-9474-1A3956D46DE8}") = "src", "src", "{77D003B8-C9A1-4BF0-B478-7A3D70D04DEC}"
EndProject
Project("{FAE04EC0-301F-11D3-BF4B-00C04F79EFBC}") = "SecretSanta.Domain", "src\SecretSanta.Domain\SecretSanta.Domain.csproj", "{C82FD7F4-C014-4B8C-B2AD-7E837C0B0798}"
EndProject
Project("{2150E333-8FDC-42A3-9474-1A3956D46DE8}") = "test", "test", "{45B62E40-75C3-492D-9F23-EE4C1CBB9B7B}"
EndProject
Project("{FAE04EC0-301F-11D3-BF4B-00C04F79EFBC}") = "SecretSanta.Domain.Tests", "test\SecretSanta.Domain.Tests\SecretSanta.Domain.Tests.csproj", "{4133B658-68C5-4118-B8FC-B36AFB20CA20}"
>>>>>>> Assignment1
EndProject
Global
	GlobalSection(SolutionConfigurationPlatforms) = preSolution
		Debug|Any CPU = Debug|Any CPU
		Debug|x64 = Debug|x64
		Debug|x86 = Debug|x86
		Release|Any CPU = Release|Any CPU
		Release|x64 = Release|x64
		Release|x86 = Release|x86
	EndGlobalSection
	GlobalSection(SolutionProperties) = preSolution
		HideSolutionNode = FALSE
	EndGlobalSection
	GlobalSection(ProjectConfigurationPlatforms) = postSolution
<<<<<<< HEAD
		{C338FD95-38B3-4B1D-8864-E9314D46C0EE}.Debug|Any CPU.ActiveCfg = Debug|Any CPU
		{C338FD95-38B3-4B1D-8864-E9314D46C0EE}.Debug|Any CPU.Build.0 = Debug|Any CPU
		{C338FD95-38B3-4B1D-8864-E9314D46C0EE}.Debug|x64.ActiveCfg = Debug|Any CPU
		{C338FD95-38B3-4B1D-8864-E9314D46C0EE}.Debug|x64.Build.0 = Debug|Any CPU
		{C338FD95-38B3-4B1D-8864-E9314D46C0EE}.Debug|x86.ActiveCfg = Debug|Any CPU
		{C338FD95-38B3-4B1D-8864-E9314D46C0EE}.Debug|x86.Build.0 = Debug|Any CPU
		{C338FD95-38B3-4B1D-8864-E9314D46C0EE}.Release|Any CPU.ActiveCfg = Release|Any CPU
		{C338FD95-38B3-4B1D-8864-E9314D46C0EE}.Release|Any CPU.Build.0 = Release|Any CPU
		{C338FD95-38B3-4B1D-8864-E9314D46C0EE}.Release|x64.ActiveCfg = Release|Any CPU
		{C338FD95-38B3-4B1D-8864-E9314D46C0EE}.Release|x64.Build.0 = Release|Any CPU
		{C338FD95-38B3-4B1D-8864-E9314D46C0EE}.Release|x86.ActiveCfg = Release|Any CPU
		{C338FD95-38B3-4B1D-8864-E9314D46C0EE}.Release|x86.Build.0 = Release|Any CPU
		{BC742C5A-001D-4792-B767-45DE135011CD}.Debug|Any CPU.ActiveCfg = Debug|Any CPU
		{BC742C5A-001D-4792-B767-45DE135011CD}.Debug|Any CPU.Build.0 = Debug|Any CPU
		{BC742C5A-001D-4792-B767-45DE135011CD}.Debug|x64.ActiveCfg = Debug|Any CPU
		{BC742C5A-001D-4792-B767-45DE135011CD}.Debug|x64.Build.0 = Debug|Any CPU
		{BC742C5A-001D-4792-B767-45DE135011CD}.Debug|x86.ActiveCfg = Debug|Any CPU
		{BC742C5A-001D-4792-B767-45DE135011CD}.Debug|x86.Build.0 = Debug|Any CPU
		{BC742C5A-001D-4792-B767-45DE135011CD}.Release|Any CPU.ActiveCfg = Release|Any CPU
		{BC742C5A-001D-4792-B767-45DE135011CD}.Release|Any CPU.Build.0 = Release|Any CPU
		{BC742C5A-001D-4792-B767-45DE135011CD}.Release|x64.ActiveCfg = Release|Any CPU
		{BC742C5A-001D-4792-B767-45DE135011CD}.Release|x64.Build.0 = Release|Any CPU
		{BC742C5A-001D-4792-B767-45DE135011CD}.Release|x86.ActiveCfg = Release|Any CPU
		{BC742C5A-001D-4792-B767-45DE135011CD}.Release|x86.Build.0 = Release|Any CPU
	EndGlobalSection
	GlobalSection(NestedProjects) = preSolution
		{C338FD95-38B3-4B1D-8864-E9314D46C0EE} = {EE6EE349-1578-464C-ACA6-8E537A823075}
		{BC742C5A-001D-4792-B767-45DE135011CD} = {1768D2E7-9C81-4FB2-B22D-C8B09767B9B9}
=======
		{C82FD7F4-C014-4B8C-B2AD-7E837C0B0798}.Debug|Any CPU.ActiveCfg = Debug|Any CPU
		{C82FD7F4-C014-4B8C-B2AD-7E837C0B0798}.Debug|Any CPU.Build.0 = Debug|Any CPU
		{C82FD7F4-C014-4B8C-B2AD-7E837C0B0798}.Debug|x64.ActiveCfg = Debug|Any CPU
		{C82FD7F4-C014-4B8C-B2AD-7E837C0B0798}.Debug|x64.Build.0 = Debug|Any CPU
		{C82FD7F4-C014-4B8C-B2AD-7E837C0B0798}.Debug|x86.ActiveCfg = Debug|Any CPU
		{C82FD7F4-C014-4B8C-B2AD-7E837C0B0798}.Debug|x86.Build.0 = Debug|Any CPU
		{C82FD7F4-C014-4B8C-B2AD-7E837C0B0798}.Release|Any CPU.ActiveCfg = Release|Any CPU
		{C82FD7F4-C014-4B8C-B2AD-7E837C0B0798}.Release|Any CPU.Build.0 = Release|Any CPU
		{C82FD7F4-C014-4B8C-B2AD-7E837C0B0798}.Release|x64.ActiveCfg = Release|Any CPU
		{C82FD7F4-C014-4B8C-B2AD-7E837C0B0798}.Release|x64.Build.0 = Release|Any CPU
		{C82FD7F4-C014-4B8C-B2AD-7E837C0B0798}.Release|x86.ActiveCfg = Release|Any CPU
		{C82FD7F4-C014-4B8C-B2AD-7E837C0B0798}.Release|x86.Build.0 = Release|Any CPU
		{4133B658-68C5-4118-B8FC-B36AFB20CA20}.Debug|Any CPU.ActiveCfg = Debug|Any CPU
		{4133B658-68C5-4118-B8FC-B36AFB20CA20}.Debug|Any CPU.Build.0 = Debug|Any CPU
		{4133B658-68C5-4118-B8FC-B36AFB20CA20}.Debug|x64.ActiveCfg = Debug|Any CPU
		{4133B658-68C5-4118-B8FC-B36AFB20CA20}.Debug|x64.Build.0 = Debug|Any CPU
		{4133B658-68C5-4118-B8FC-B36AFB20CA20}.Debug|x86.ActiveCfg = Debug|Any CPU
		{4133B658-68C5-4118-B8FC-B36AFB20CA20}.Debug|x86.Build.0 = Debug|Any CPU
		{4133B658-68C5-4118-B8FC-B36AFB20CA20}.Release|Any CPU.ActiveCfg = Release|Any CPU
		{4133B658-68C5-4118-B8FC-B36AFB20CA20}.Release|Any CPU.Build.0 = Release|Any CPU
		{4133B658-68C5-4118-B8FC-B36AFB20CA20}.Release|x64.ActiveCfg = Release|Any CPU
		{4133B658-68C5-4118-B8FC-B36AFB20CA20}.Release|x64.Build.0 = Release|Any CPU
		{4133B658-68C5-4118-B8FC-B36AFB20CA20}.Release|x86.ActiveCfg = Release|Any CPU
		{4133B658-68C5-4118-B8FC-B36AFB20CA20}.Release|x86.Build.0 = Release|Any CPU
	EndGlobalSection
	GlobalSection(NestedProjects) = preSolution
		{C82FD7F4-C014-4B8C-B2AD-7E837C0B0798} = {77D003B8-C9A1-4BF0-B478-7A3D70D04DEC}
		{4133B658-68C5-4118-B8FC-B36AFB20CA20} = {45B62E40-75C3-492D-9F23-EE4C1CBB9B7B}
>>>>>>> Assignment1
	EndGlobalSection
EndGlobal
