
Microsoft Visual Studio Solution File, Format Version 12.00
# Visual Studio 15
VisualStudioVersion = 15.0.26124.0
MinimumVisualStudioVersion = 15.0.26124.0
Project("{2150E333-8FDC-42A3-9474-1A3956D46DE8}") = "src", "src", "{EE6EE349-1578-464C-ACA6-8E537A823075}"
EndProject
Project("{FAE04EC0-301F-11D3-BF4B-00C04F79EFBC}") = "SecretSanta.Domain", "src\SecretSanta.Domain\SecretSanta.Domain.csproj", "{C338FD95-38B3-4B1D-8864-E9314D46C0EE}"
EndProject
Project("{2150E333-8FDC-42A3-9474-1A3956D46DE8}") = "test", "test", "{1768D2E7-9C81-4FB2-B22D-C8B09767B9B9}"
EndProject
Project("{FAE04EC0-301F-11D3-BF4B-00C04F79EFBC}") = "SecretSanta.Domain.Tests", "test\SecretSanta.Domain.Tests\SecretSanta.Domain.Tests.csproj", "{BC742C5A-001D-4792-B767-45DE135011CD}"
EndProject
Global
	GlobalSection(SolutionConfigurationPlatforms) = preSolution
		Debug|Any CPU = Debug|Any CPU
		Debug|x64 = Debug|x64
		Debug|x86 = Debug|x86
		Release|Any CPU = Release|Any CPU
		Release|x64 = Release|x64
		Release|x86 = Release|x86
	EndGlobalSection
	GlobalSection(SolutionProperties) = preSolution
		HideSolutionNode = FALSE
	EndGlobalSection
	GlobalSection(ProjectConfigurationPlatforms) = postSolution
		{C338FD95-38B3-4B1D-8864-E9314D46C0EE}.Debug|Any CPU.ActiveCfg = Debug|Any CPU
		{C338FD95-38B3-4B1D-8864-E9314D46C0EE}.Debug|Any CPU.Build.0 = Debug|Any CPU
		{C338FD95-38B3-4B1D-8864-E9314D46C0EE}.Debug|x64.ActiveCfg = Debug|Any CPU
		{C338FD95-38B3-4B1D-8864-E9314D46C0EE}.Debug|x64.Build.0 = Debug|Any CPU
		{C338FD95-38B3-4B1D-8864-E9314D46C0EE}.Debug|x86.ActiveCfg = Debug|Any CPU
		{C338FD95-38B3-4B1D-8864-E9314D46C0EE}.Debug|x86.Build.0 = Debug|Any CPU
		{C338FD95-38B3-4B1D-8864-E9314D46C0EE}.Release|Any CPU.ActiveCfg = Release|Any CPU
		{C338FD95-38B3-4B1D-8864-E9314D46C0EE}.Release|Any CPU.Build.0 = Release|Any CPU
		{C338FD95-38B3-4B1D-8864-E9314D46C0EE}.Release|x64.ActiveCfg = Release|Any CPU
		{C338FD95-38B3-4B1D-8864-E9314D46C0EE}.Release|x64.Build.0 = Release|Any CPU
		{C338FD95-38B3-4B1D-8864-E9314D46C0EE}.Release|x86.ActiveCfg = Release|Any CPU
		{C338FD95-38B3-4B1D-8864-E9314D46C0EE}.Release|x86.Build.0 = Release|Any CPU
		{BC742C5A-001D-4792-B767-45DE135011CD}.Debug|Any CPU.ActiveCfg = Debug|Any CPU
		{BC742C5A-001D-4792-B767-45DE135011CD}.Debug|Any CPU.Build.0 = Debug|Any CPU
		{BC742C5A-001D-4792-B767-45DE135011CD}.Debug|x64.ActiveCfg = Debug|Any CPU
		{BC742C5A-001D-4792-B767-45DE135011CD}.Debug|x64.Build.0 = Debug|Any CPU
		{BC742C5A-001D-4792-B767-45DE135011CD}.Debug|x86.ActiveCfg = Debug|Any CPU
		{BC742C5A-001D-4792-B767-45DE135011CD}.Debug|x86.Build.0 = Debug|Any CPU
		{BC742C5A-001D-4792-B767-45DE135011CD}.Release|Any CPU.ActiveCfg = Release|Any CPU
		{BC742C5A-001D-4792-B767-45DE135011CD}.Release|Any CPU.Build.0 = Release|Any CPU
		{BC742C5A-001D-4792-B767-45DE135011CD}.Release|x64.ActiveCfg = Release|Any CPU
		{BC742C5A-001D-4792-B767-45DE135011CD}.Release|x64.Build.0 = Release|Any CPU
		{BC742C5A-001D-4792-B767-45DE135011CD}.Release|x86.ActiveCfg = Release|Any CPU
		{BC742C5A-001D-4792-B767-45DE135011CD}.Release|x86.Build.0 = Release|Any CPU
	EndGlobalSection
	GlobalSection(NestedProjects) = preSolution
		{C338FD95-38B3-4B1D-8864-E9314D46C0EE} = {EE6EE349-1578-464C-ACA6-8E537A823075}
		{BC742C5A-001D-4792-B767-45DE135011CD} = {1768D2E7-9C81-4FB2-B22D-C8B09767B9B9}
	EndGlobalSection
EndGlobal
